
Microsoft Visual Studio Solution File, Format Version 12.00
# Visual Studio 15
VisualStudioVersion = 15.0.27703.2035
MinimumVisualStudioVersion = 10.0.40219.1
Project("{FAE04EC0-301F-11D3-BF4B-00C04F79EFBC}") = "ControlCard", "ControlCard\ControlCard.csproj", "{77B57AEB-33D0-4866-9D82-5BBC5D042F09}"
EndProject
Global
	GlobalSection(SolutionConfigurationPlatforms) = preSolution
		Debug|Any CPU = Debug|Any CPU
		Release|Any CPU = Release|Any CPU
	EndGlobalSection
	GlobalSection(ProjectConfigurationPlatforms) = postSolution
		{77B57AEB-33D0-4866-9D82-5BBC5D042F09}.Debug|Any CPU.ActiveCfg = Debug|Any CPU
		{77B57AEB-33D0-4866-9D82-5BBC5D042F09}.Debug|Any CPU.Build.0 = Debug|Any CPU
		{77B57AEB-33D0-4866-9D82-5BBC5D042F09}.Release|Any CPU.ActiveCfg = Release|Any CPU
		{77B57AEB-33D0-4866-9D82-5BBC5D042F09}.Release|Any CPU.Build.0 = Release|Any CPU
	EndGlobalSection
	GlobalSection(SolutionProperties) = preSolution
		HideSolutionNode = FALSE
	EndGlobalSection
	GlobalSection(ExtensibilityGlobals) = postSolution
		SolutionGuid = {0EDB2916-49D3-473D-89C2-DA1A344FAD48}
	EndGlobalSection
EndGlobal
